PODS:
  - DynamsoftBarcodeReader (10.0.21)
  - DynamsoftCameraEnhancer (4.0.2)
  - DynamsoftCaptureVisionRouter (2.0.21)
  - DynamsoftCore (3.0.20)
  - DynamsoftImageProcessing (2.0.21)
  - DynamsoftLicense (3.0.30)

DEPENDENCIES:
  - DynamsoftBarcodeReader (= 10.0.21)
  - DynamsoftCameraEnhancer (= 4.0.2)
  - DynamsoftCaptureVisionRouter (= 2.0.21)
  - DynamsoftCore (= 3.0.20)
  - DynamsoftImageProcessing (= 2.0.21)
  - DynamsoftLicense (= 3.0.30)

SPEC REPOS:
  trunk:
    - DynamsoftBarcodeReader
    - DynamsoftCameraEnhancer
    - DynamsoftCaptureVisionRouter
    - DynamsoftCore
    - DynamsoftImageProcessing
    - DynamsoftLicense

SPEC CHECKSUMS:
  DynamsoftBarcodeReader: 93f1781453eb7bf8621374c01d57a6ce1f67fce6
  DynamsoftCameraEnhancer: ed4334a967a747105ffdb36605ed376d9ea06d96
  DynamsoftCaptureVisionRouter: 9fd011a7b53b2fd57a12307e83d2e136431605bd
  DynamsoftCore: 928916c8605eb622c13d560753d5de67e8694fb4
  DynamsoftImageProcessing: 62ff1a661fcaace2d2f7b19a93563c3b6d581a27
  DynamsoftLicense: ec443a74c75c1e3ba318369d1fee4b86635e7029

PODFILE CHECKSUM: c2e1fab5ce21cbe0add87aa8815a0042c1bde6cb

COCOAPODS: 1.15.2
